
Microsoft Visual Studio Solution File, Format Version 12.00
# Visual Studio Version 17
VisualStudioVersion = 17.11.35312.102
MinimumVisualStudioVersion = 10.0.40219.1
Project("{FAE04EC0-301F-11D3-BF4B-00C04F79EFBC}") = "ENTP_Project", "ENTP_Project\ENTP_Project.csproj", "{C8055963-9D96-454A-8156-DD3A3D07271E}"
EndProject
Global
	GlobalSection(SolutionConfigurationPlatforms) = preSolution
		Debug|Any CPU = Debug|Any CPU
		Release|Any CPU = Release|Any CPU
	EndGlobalSection
	GlobalSection(ProjectConfigurationPlatforms) = postSolution
		{C8055963-9D96-454A-8156-DD3A3D07271E}.Debug|Any CPU.ActiveCfg = Debug|Any CPU
		{C8055963-9D96-454A-8156-DD3A3D07271E}.Debug|Any CPU.Build.0 = Debug|Any CPU
		{C8055963-9D96-454A-8156-DD3A3D07271E}.Release|Any CPU.ActiveCfg = Release|Any CPU
		{C8055963-9D96-454A-8156-DD3A3D07271E}.Release|Any CPU.Build.0 = Release|Any CPU
	EndGlobalSection
	GlobalSection(SolutionProperties) = preSolution
		HideSolutionNode = FALSE
	EndGlobalSection
	GlobalSection(ExtensibilityGlobals) = postSolution
		SolutionGuid = {5E7CC23D-D08A-43C9-9DAF-C4E88E0B37FD}
	EndGlobalSection
EndGlobal
